{
  "name": "elm-element",
  "version": "1.0.0",
  "lockfileVersion": 1,
  "requires": true,
  "dependencies": {
    "@types/estree": {
      "version": "0.0.39",
      "resolved": "https://registry.npmjs.org/@types/estree/-/estree-0.0.39.tgz",
      "integrity": "sha512-EYNwp3bU+98cpU4lAWYYL7Zz+2gryWH1qbdDTidVd6hkiR6weksdbMadyXKXNPEkQFhXM+hVO9ZygomHXp+AIw==",
      "dev": true
    },
    "@types/node": {
      "version": "10.11.4",
      "resolved": "https://registry.npmjs.org/@types/node/-/node-10.11.4.tgz",
      "integrity": "sha512-ojnbBiKkZFYRfQpmtnnWTMw+rzGp/JiystjluW9jgN3VzRwilXddJ6aGQ9V/7iuDG06SBgn7ozW9k3zcAnYjYQ==",
      "dev": true
    },
    "rollup": {
      "version": "0.66.4",
      "resolved": "https://registry.npmjs.org/rollup/-/rollup-0.66.4.tgz",
      "integrity": "sha512-oV6dzR2zDYVOMUmrM1XMTW0NlZqKeZANAWH+A7BwCfE+mAfJ6xRkYbrM3qAossgyMxPN9aFBu8kRXf5HYB5gvw==",
      "dev": true,
      "requires": {
        "@types/estree": "0.0.39",
        "@types/node": "*"
      }
    }
  }
}
